// !$*UTF8*$!
{
	archiveVersion = 1;
	classes = {
	};
	objectVersion = 52;
	objects = {

/* Begin PBXBuildFile section */
		659C8F71263C62AB004D1E30 /* TickerWebData.swift in Sources */ = {isa = PBXBuildFile; fileRef = 659C8F70263C62AB004D1E30 /* TickerWebData.swift */; };
		659C8F7E263E159C004D1E30 /* PortfolioDataModel.xcdatamodeld in Sources */ = {isa = PBXBuildFile; fileRef = 659C8F7C263E159C004D1E30 /* PortfolioDataModel.xcdatamodeld */; };
		659C8FA4263E3ACB004D1E30 /* MulticastDelegate.swift in Sources */ = {isa = PBXBuildFile; fileRef = 659C8FA3263E3ACB004D1E30 /* MulticastDelegate.swift */; };
		659C8FA6263E3B14004D1E30 /* DatabaseProtocol.swift in Sources */ = {isa = PBXBuildFile; fileRef = 659C8FA5263E3B14004D1E30 /* DatabaseProtocol.swift */; };
		659C8FB4263E4437004D1E30 /* CoreDataController.swift in Sources */ = {isa = PBXBuildFile; fileRef = 659C8FB3263E4437004D1E30 /* CoreDataController.swift */; };
		659C8FB7263E741A004D1E30 /* NewWatchlistViewController.swift in Sources */ = {isa = PBXBuildFile; fileRef = 659C8FB6263E741A004D1E30 /* NewWatchlistViewController.swift */; };
		659C8FB9263E75A7004D1E30 /* WatchlistTableViewController.swift in Sources */ = {isa = PBXBuildFile; fileRef = 659C8FB8263E75A7004D1E30 /* WatchlistTableViewController.swift */; };
		659C8FBB263E76CB004D1E30 /* NewOwnedHoldingViewController.swift in Sources */ = {isa = PBXBuildFile; fileRef = 659C8FBA263E76CB004D1E30 /* NewOwnedHoldingViewController.swift */; };
		659C8FBF263E773B004D1E30 /* SearchNewHoldingTableViewController.swift in Sources */ = {isa = PBXBuildFile; fileRef = 659C8FBE263E773B004D1E30 /* SearchNewHoldingTableViewController.swift */; };
		659C8FC1263E7765004D1E30 /* HoldingPurchasesTableViewController.swift in Sources */ = {isa = PBXBuildFile; fileRef = 659C8FC0263E7765004D1E30 /* HoldingPurchasesTableViewController.swift */; };
		659C8FC3263E778C004D1E30 /* HoldingPurchaseViewController.swift in Sources */ = {isa = PBXBuildFile; fileRef = 659C8FC2263E778C004D1E30 /* HoldingPurchaseViewController.swift */; };
		659C8FC7263E85ED004D1E30 /* TickerSearchWebData.swift in Sources */ = {isa = PBXBuildFile; fileRef = 659C8FC6263E85ED004D1E30 /* TickerSearchWebData.swift */; };
		659C8FC9263EA34E004D1E30 /* Popup.swift in Sources */ = {isa = PBXBuildFile; fileRef = 659C8FC8263EA34E004D1E30 /* Popup.swift */; };
		659C8FD6263F7519004D1E30 /* CoreWatchlist+CoreDataClass.swift in Sources */ = {isa = PBXBuildFile; fileRef = 659C8FD0263F7519004D1E30 /* CoreWatchlist+CoreDataClass.swift */; };
		659C8FD7263F7519004D1E30 /* CoreWatchlist+CoreDataProperties.swift in Sources */ = {isa = PBXBuildFile; fileRef = 659C8FD1263F7519004D1E30 /* CoreWatchlist+CoreDataProperties.swift */; };
		659C8FD8263F7519004D1E30 /* CorePurchase+CoreDataClass.swift in Sources */ = {isa = PBXBuildFile; fileRef = 659C8FD2263F7519004D1E30 /* CorePurchase+CoreDataClass.swift */; };
		659C8FD9263F7519004D1E30 /* CorePurchase+CoreDataProperties.swift in Sources */ = {isa = PBXBuildFile; fileRef = 659C8FD3263F7519004D1E30 /* CorePurchase+CoreDataProperties.swift */; };
		659C8FDA263F7519004D1E30 /* CoreHolding+CoreDataClass.swift in Sources */ = {isa = PBXBuildFile; fileRef = 659C8FD4263F7519004D1E30 /* CoreHolding+CoreDataClass.swift */; };
		659C8FDB263F7519004D1E30 /* CoreHolding+CoreDataProperties.swift in Sources */ = {isa = PBXBuildFile; fileRef = 659C8FD5263F7519004D1E30 /* CoreHolding+CoreDataProperties.swift */; };
		65AFBE12262D64860039CB66 /* AppDelegate.swift in Sources */ = {isa = PBXBuildFile; fileRef = 65AFBE11262D64860039CB66 /* AppDelegate.swift */; };
		65AFBE14262D64860039CB66 /* SceneDelegate.swift in Sources */ = {isa = PBXBuildFile; fileRef = 65AFBE13262D64860039CB66 /* SceneDelegate.swift */; };
		65AFBE19262D64860039CB66 /* Main.storyboard in Resources */ = {isa = PBXBuildFile; fileRef = 65AFBE17262D64860039CB66 /* Main.storyboard */; };
		65AFBE1B262D648D0039CB66 /* Assets.xcassets in Resources */ = {isa = PBXBuildFile; fileRef = 65AFBE1A262D648D0039CB66 /* Assets.xcassets */; };
		65AFBE1E262D648D0039CB66 /* LaunchScreen.storyboard in Resources */ = {isa = PBXBuildFile; fileRef = 65AFBE1C262D648D0039CB66 /* LaunchScreen.storyboard */; };
		65AFBE2B262E27FC0039CB66 /* TabBarViewController.swift in Sources */ = {isa = PBXBuildFile; fileRef = 65AFBE2A262E27FB0039CB66 /* TabBarViewController.swift */; };
		65AFBE30262E293B0039CB66 /* DashboardViewController.swift in Sources */ = {isa = PBXBuildFile; fileRef = 65AFBE2F262E293B0039CB66 /* DashboardViewController.swift */; };
		65AFBE33262E2A780039CB66 /* PortfolioViewController.swift in Sources */ = {isa = PBXBuildFile; fileRef = 65AFBE32262E2A780039CB66 /* PortfolioViewController.swift */; };
		65AFBE36262E2AA20039CB66 /* PerformanceViewController.swift in Sources */ = {isa = PBXBuildFile; fileRef = 65AFBE35262E2AA20039CB66 /* PerformanceViewController.swift */; };
		65AFBE39262E2AC20039CB66 /* MarketsCollectionViewController.swift in Sources */ = {isa = PBXBuildFile; fileRef = 65AFBE38262E2AC20039CB66 /* MarketsCollectionViewController.swift */; };
		65AFBE3C262E2AE00039CB66 /* WatchlistsTableViewController.swift in Sources */ = {isa = PBXBuildFile; fileRef = 65AFBE3B262E2AE00039CB66 /* WatchlistsTableViewController.swift */; };
		65AFBE40262E5D950039CB66 /* Holding.swift in Sources */ = {isa = PBXBuildFile; fileRef = 65AFBE3F262E5D950039CB66 /* Holding.swift */; };
		65AFBE45262E5DCE0039CB66 /* Watchlist.swift in Sources */ = {isa = PBXBuildFile; fileRef = 65AFBE44262E5DCE0039CB66 /* Watchlist.swift */; };
		65AFBE4D262E624D0039CB66 /* PortfolioHoldingTableViewCell.swift in Sources */ = {isa = PBXBuildFile; fileRef = 65AFBE4C262E624D0039CB66 /* PortfolioHoldingTableViewCell.swift */; };
		65AFBE52262F548B0039CB66 /* Purchase.swift in Sources */ = {isa = PBXBuildFile; fileRef = 65AFBE51262F548B0039CB66 /* Purchase.swift */; };
		65B7D8CA26376E5800FA8284 /* SwiftUICharts in Frameworks */ = {isa = PBXBuildFile; productRef = 65B7D8C926376E5800FA8284 /* SwiftUICharts */; };
		65B7D8CE263770E400FA8284 /* ChartView.swift in Sources */ = {isa = PBXBuildFile; fileRef = 65B7D8CD263770E400FA8284 /* ChartView.swift */; };
/* End PBXBuildFile section */

/* Begin PBXFileReference section */
		659C8F70263C62AB004D1E30 /* TickerWebData.swift */ = {isa = PBXFileReference; lastKnownFileType = sourcecode.swift; path = TickerWebData.swift; sourceTree = "<group>"; };
		659C8F7D263E159C004D1E30 /* PortfolioDataModel.xcdatamodel */ = {isa = PBXFileReference; lastKnownFileType = wrapper.xcdatamodel; path = PortfolioDataModel.xcdatamodel; sourceTree = "<group>"; };
		659C8FA3263E3ACB004D1E30 /* MulticastDelegate.swift */ = {isa = PBXFileReference; lastKnownFileType = sourcecode.swift; path = MulticastDelegate.swift; sourceTree = "<group>"; };
		659C8FA5263E3B14004D1E30 /* DatabaseProtocol.swift */ = {isa = PBXFileReference; lastKnownFileType = sourcecode.swift; path = DatabaseProtocol.swift; sourceTree = "<group>"; };
		659C8FB3263E4437004D1E30 /* CoreDataController.swift */ = {isa = PBXFileReference; lastKnownFileType = sourcecode.swift; path = CoreDataController.swift; sourceTree = "<group>"; };
		659C8FB6263E741A004D1E30 /* NewWatchlistViewController.swift */ = {isa = PBXFileReference; lastKnownFileType = sourcecode.swift; path = NewWatchlistViewController.swift; sourceTree = "<group>"; };
		659C8FB8263E75A7004D1E30 /* WatchlistTableViewController.swift */ = {isa = PBXFileReference; lastKnownFileType = sourcecode.swift; path = WatchlistTableViewController.swift; sourceTree = "<group>"; };
		659C8FBA263E76CB004D1E30 /* NewOwnedHoldingViewController.swift */ = {isa = PBXFileReference; lastKnownFileType = sourcecode.swift; path = NewOwnedHoldingViewController.swift; sourceTree = "<group>"; };
		659C8FBE263E773B004D1E30 /* SearchNewHoldingTableViewController.swift */ = {isa = PBXFileReference; lastKnownFileType = sourcecode.swift; path = SearchNewHoldingTableViewController.swift; sourceTree = "<group>"; };
		659C8FC0263E7765004D1E30 /* HoldingPurchasesTableViewController.swift */ = {isa = PBXFileReference; lastKnownFileType = sourcecode.swift; path = HoldingPurchasesTableViewController.swift; sourceTree = "<group>"; };
		659C8FC2263E778C004D1E30 /* HoldingPurchaseViewController.swift */ = {isa = PBXFileReference; lastKnownFileType = sourcecode.swift; path = HoldingPurchaseViewController.swift; sourceTree = "<group>"; };
		659C8FC6263E85ED004D1E30 /* TickerSearchWebData.swift */ = {isa = PBXFileReference; lastKnownFileType = sourcecode.swift; path = TickerSearchWebData.swift; sourceTree = "<group>"; };
		659C8FC8263EA34E004D1E30 /* Popup.swift */ = {isa = PBXFileReference; lastKnownFileType = sourcecode.swift; path = Popup.swift; sourceTree = "<group>"; };
		659C8FD0263F7519004D1E30 /* CoreWatchlist+CoreDataClass.swift */ = {isa = PBXFileReference; lastKnownFileType = sourcecode.swift; path = "CoreWatchlist+CoreDataClass.swift"; sourceTree = "<group>"; };
		659C8FD1263F7519004D1E30 /* CoreWatchlist+CoreDataProperties.swift */ = {isa = PBXFileReference; lastKnownFileType = sourcecode.swift; path = "CoreWatchlist+CoreDataProperties.swift"; sourceTree = "<group>"; };
		659C8FD2263F7519004D1E30 /* CorePurchase+CoreDataClass.swift */ = {isa = PBXFileReference; lastKnownFileType = sourcecode.swift; path = "CorePurchase+CoreDataClass.swift"; sourceTree = "<group>"; };
		659C8FD3263F7519004D1E30 /* CorePurchase+CoreDataProperties.swift */ = {isa = PBXFileReference; lastKnownFileType = sourcecode.swift; path = "CorePurchase+CoreDataProperties.swift"; sourceTree = "<group>"; };
		659C8FD4263F7519004D1E30 /* CoreHolding+CoreDataClass.swift */ = {isa = PBXFileReference; lastKnownFileType = sourcecode.swift; path = "CoreHolding+CoreDataClass.swift"; sourceTree = "<group>"; };
		659C8FD5263F7519004D1E30 /* CoreHolding+CoreDataProperties.swift */ = {isa = PBXFileReference; lastKnownFileType = sourcecode.swift; path = "CoreHolding+CoreDataProperties.swift"; sourceTree = "<group>"; };
		65AFBE0E262D64860039CB66 /* portfolio.app */ = {isa = PBXFileReference; explicitFileType = wrapper.application; includeInIndex = 0; path = portfolio.app; sourceTree = BUILT_PRODUCTS_DIR; };
		65AFBE11262D64860039CB66 /* AppDelegate.swift */ = {isa = PBXFileReference; lastKnownFileType = sourcecode.swift; path = AppDelegate.swift; sourceTree = "<group>"; };
		65AFBE13262D64860039CB66 /* SceneDelegate.swift */ = {isa = PBXFileReference; lastKnownFileType = sourcecode.swift; path = SceneDelegate.swift; sourceTree = "<group>"; };
		65AFBE18262D64860039CB66 /* Base */ = {isa = PBXFileReference; lastKnownFileType = file.storyboard; name = Base; path = Base.lproj/Main.storyboard; sourceTree = "<group>"; };
		65AFBE1A262D648D0039CB66 /* Assets.xcassets */ = {isa = PBXFileReference; lastKnownFileType = folder.assetcatalog; path = Assets.xcassets; sourceTree = "<group>"; };
		65AFBE1D262D648D0039CB66 /* Base */ = {isa = PBXFileReference; lastKnownFileType = file.storyboard; name = Base; path = Base.lproj/LaunchScreen.storyboard; sourceTree = "<group>"; };
		65AFBE1F262D648D0039CB66 /* Info.plist */ = {isa = PBXFileReference; lastKnownFileType = text.plist.xml; path = Info.plist; sourceTree = "<group>"; };
		65AFBE2A262E27FB0039CB66 /* TabBarViewController.swift */ = {isa = PBXFileReference; lastKnownFileType = sourcecode.swift; path = TabBarViewController.swift; sourceTree = "<group>"; };
		65AFBE2F262E293B0039CB66 /* DashboardViewController.swift */ = {isa = PBXFileReference; lastKnownFileType = sourcecode.swift; path = DashboardViewController.swift; sourceTree = "<group>"; };
		65AFBE32262E2A780039CB66 /* PortfolioViewController.swift */ = {isa = PBXFileReference; lastKnownFileType = sourcecode.swift; path = PortfolioViewController.swift; sourceTree = "<group>"; };
		65AFBE35262E2AA20039CB66 /* PerformanceViewController.swift */ = {isa = PBXFileReference; lastKnownFileType = sourcecode.swift; path = PerformanceViewController.swift; sourceTree = "<group>"; };
		65AFBE38262E2AC20039CB66 /* MarketsCollectionViewController.swift */ = {isa = PBXFileReference; lastKnownFileType = sourcecode.swift; path = MarketsCollectionViewController.swift; sourceTree = "<group>"; };
		65AFBE3B262E2AE00039CB66 /* WatchlistsTableViewController.swift */ = {isa = PBXFileReference; lastKnownFileType = sourcecode.swift; path = WatchlistsTableViewController.swift; sourceTree = "<group>"; };
		65AFBE3F262E5D950039CB66 /* Holding.swift */ = {isa = PBXFileReference; lastKnownFileType = sourcecode.swift; path = Holding.swift; sourceTree = "<group>"; };
		65AFBE44262E5DCE0039CB66 /* Watchlist.swift */ = {isa = PBXFileReference; lastKnownFileType = sourcecode.swift; path = Watchlist.swift; sourceTree = "<group>"; };
		65AFBE4C262E624D0039CB66 /* PortfolioHoldingTableViewCell.swift */ = {isa = PBXFileReference; lastKnownFileType = sourcecode.swift; path = PortfolioHoldingTableViewCell.swift; sourceTree = "<group>"; };
		65AFBE51262F548B0039CB66 /* Purchase.swift */ = {isa = PBXFileReference; lastKnownFileType = sourcecode.swift; path = Purchase.swift; sourceTree = "<group>"; };
		65B7D8CD263770E400FA8284 /* ChartView.swift */ = {isa = PBXFileReference; lastKnownFileType = sourcecode.swift; path = ChartView.swift; sourceTree = "<group>"; };
/* End PBXFileReference section */

/* Begin PBXFrameworksBuildPhase section */
		65AFBE0B262D64850039CB66 /* Frameworks */ = {
			isa = PBXFrameworksBuildPhase;
			buildActionMask = 2147483647;
			files = (
				65B7D8CA26376E5800FA8284 /* SwiftUICharts in Frameworks */,
			);
			runOnlyForDeploymentPostprocessing = 0;
		};
/* End PBXFrameworksBuildPhase section */

/* Begin PBXGroup section */
		659C8F78263E134B004D1E30 /* Core Data */ = {
			isa = PBXGroup;
			children = (
				659C8FD0263F7519004D1E30 /* CoreWatchlist+CoreDataClass.swift */,
				659C8FD1263F7519004D1E30 /* CoreWatchlist+CoreDataProperties.swift */,
				659C8FD2263F7519004D1E30 /* CorePurchase+CoreDataClass.swift */,
				659C8FD3263F7519004D1E30 /* CorePurchase+CoreDataProperties.swift */,
				659C8FD4263F7519004D1E30 /* CoreHolding+CoreDataClass.swift */,
				659C8FD5263F7519004D1E30 /* CoreHolding+CoreDataProperties.swift */,
				659C8F7C263E159C004D1E30 /* PortfolioDataModel.xcdatamodeld */,
				659C8FA3263E3ACB004D1E30 /* MulticastDelegate.swift */,
				659C8FA5263E3B14004D1E30 /* DatabaseProtocol.swift */,
				659C8FB3263E4437004D1E30 /* CoreDataController.swift */,
			);
			path = "Core Data";
			sourceTree = "<group>";
		};
		659C8FB5263E72BA004D1E30 /* Watchlists */ = {
			isa = PBXGroup;
			children = (
				65AFBE3B262E2AE00039CB66 /* WatchlistsTableViewController.swift */,
				659C8FB6263E741A004D1E30 /* NewWatchlistViewController.swift */,
				659C8FB8263E75A7004D1E30 /* WatchlistTableViewController.swift */,
				659C8FBA263E76CB004D1E30 /* NewOwnedHoldingViewController.swift */,
				659C8FBE263E773B004D1E30 /* SearchNewHoldingTableViewController.swift */,
				659C8FC0263E7765004D1E30 /* HoldingPurchasesTableViewController.swift */,
				659C8FC2263E778C004D1E30 /* HoldingPurchaseViewController.swift */,
			);
			path = Watchlists;
			sourceTree = "<group>";
		};
		65AFBE05262D64850039CB66 = {
			isa = PBXGroup;
			children = (
				65AFBE10262D64860039CB66 /* portfolio */,
				65AFBE0F262D64860039CB66 /* Products */,
			);
			sourceTree = "<group>";
		};
		65AFBE0F262D64860039CB66 /* Products */ = {
			isa = PBXGroup;
			children = (
				65AFBE0E262D64860039CB66 /* portfolio.app */,
			);
			name = Products;
			sourceTree = "<group>";
		};
		65AFBE10262D64860039CB66 /* portfolio */ = {
			isa = PBXGroup;
			children = (
				659C8F78263E134B004D1E30 /* Core Data */,
				65B7D8DA2637A9A000FA8284 /* Protocols */,
				65B7D8CC263770B300FA8284 /* SwiftUI Views */,
				65AFBE54262F5C790039CB66 /* Web Service */,
				65AFBE4B262E61F30039CB66 /* Table View Cells */,
				65AFBE3E262E5CEE0039CB66 /* Classes */,
				65AFBE2D262E28010039CB66 /* View Controllers */,
				65AFBE11262D64860039CB66 /* AppDelegate.swift */,
				65AFBE13262D64860039CB66 /* SceneDelegate.swift */,
				65AFBE17262D64860039CB66 /* Main.storyboard */,
				65AFBE1A262D648D0039CB66 /* Assets.xcassets */,
				65AFBE1C262D648D0039CB66 /* LaunchScreen.storyboard */,
				65AFBE1F262D648D0039CB66 /* Info.plist */,
				659C8FC8263EA34E004D1E30 /* Popup.swift */,
			);
			path = portfolio;
			sourceTree = "<group>";
		};
		65AFBE2D262E28010039CB66 /* View Controllers */ = {
			isa = PBXGroup;
			children = (
				659C8FB5263E72BA004D1E30 /* Watchlists */,
				65AFBE2F262E293B0039CB66 /* DashboardViewController.swift */,
				65AFBE2A262E27FB0039CB66 /* TabBarViewController.swift */,
				65AFBE32262E2A780039CB66 /* PortfolioViewController.swift */,
				65AFBE35262E2AA20039CB66 /* PerformanceViewController.swift */,
				65AFBE38262E2AC20039CB66 /* MarketsCollectionViewController.swift */,
			);
			path = "View Controllers";
			sourceTree = "<group>";
		};
		65AFBE3E262E5CEE0039CB66 /* Classes */ = {
			isa = PBXGroup;
			children = (
				65AFBE3F262E5D950039CB66 /* Holding.swift */,
				65AFBE44262E5DCE0039CB66 /* Watchlist.swift */,
				65AFBE51262F548B0039CB66 /* Purchase.swift */,
			);
			path = Classes;
			sourceTree = "<group>";
		};
		65AFBE4B262E61F30039CB66 /* Table View Cells */ = {
			isa = PBXGroup;
			children = (
				65AFBE4C262E624D0039CB66 /* PortfolioHoldingTableViewCell.swift */,
			);
			path = "Table View Cells";
			sourceTree = "<group>";
		};
		65AFBE54262F5C790039CB66 /* Web Service */ = {
			isa = PBXGroup;
			children = (
				659C8F70263C62AB004D1E30 /* TickerWebData.swift */,
				659C8FC6263E85ED004D1E30 /* TickerSearchWebData.swift */,
			);
			path = "Web Service";
			sourceTree = "<group>";
		};
		65B7D8CC263770B300FA8284 /* SwiftUI Views */ = {
			isa = PBXGroup;
			children = (
				65B7D8CD263770E400FA8284 /* ChartView.swift */,
			);
			path = "SwiftUI Views";
			sourceTree = "<group>";
		};
		65B7D8DA2637A9A000FA8284 /* Protocols */ = {
			isa = PBXGroup;
			children = (
			);
			path = Protocols;
			sourceTree = "<group>";
		};
/* End PBXGroup section */

/* Begin PBXNativeTarget section */
		65AFBE0D262D64850039CB66 /* portfolio */ = {
			isa = PBXNativeTarget;
			buildConfigurationList = 65AFBE22262D648D0039CB66 /* Build configuration list for PBXNativeTarget "portfolio" */;
			buildPhases = (
				65AFBE0A262D64850039CB66 /* Sources */,
				65AFBE0B262D64850039CB66 /* Frameworks */,
				65AFBE0C262D64850039CB66 /* Resources */,
			);
			buildRules = (
			);
			dependencies = (
			);
			name = portfolio;
			packageProductDependencies = (
				65B7D8C926376E5800FA8284 /* SwiftUICharts */,
			);
			productName = portfolio;
			productReference = 65AFBE0E262D64860039CB66 /* portfolio.app */;
			productType = "com.apple.product-type.application";
		};
/* End PBXNativeTarget section */

/* Begin PBXProject section */
		65AFBE06262D64850039CB66 /* Project object */ = {
			isa = PBXProject;
			attributes = {
				LastSwiftUpdateCheck = 1240;
				LastUpgradeCheck = 1240;
				TargetAttributes = {
					65AFBE0D262D64850039CB66 = {
						CreatedOnToolsVersion = 12.4;
					};
				};
			};
			buildConfigurationList = 65AFBE09262D64850039CB66 /* Build configuration list for PBXProject "portfolio" */;
			compatibilityVersion = "Xcode 9.3";
			developmentRegion = en;
			hasScannedForEncodings = 0;
			knownRegions = (
				en,
				Base,
			);
			mainGroup = 65AFBE05262D64850039CB66;
			packageReferences = (
				65B7D8C826376E5800FA8284 /* XCRemoteSwiftPackageReference "ChartView" */,
			);
			productRefGroup = 65AFBE0F262D64860039CB66 /* Products */;
			projectDirPath = "";
			projectRoot = "";
			targets = (
				65AFBE0D262D64850039CB66 /* portfolio */,
			);
		};
/* End PBXProject section */

/* Begin PBXResourcesBuildPhase section */
		65AFBE0C262D64850039CB66 /* Resources */ = {
			isa = PBXResourcesBuildPhase;
			buildActionMask = 2147483647;
			files = (
				65AFBE1E262D648D0039CB66 /* LaunchScreen.storyboard in Resources */,
				65AFBE1B262D648D0039CB66 /* Assets.xcassets in Resources */,
				65AFBE19262D64860039CB66 /* Main.storyboard in Resources */,
			);
			runOnlyForDeploymentPostprocessing = 0;
		};
/* End PBXResourcesBuildPhase section */

/* Begin PBXSourcesBuildPhase section */
		65AFBE0A262D64850039CB66 /* Sources */ = {
			isa = PBXSourcesBuildPhase;
			buildActionMask = 2147483647;
			files = (
				659C8FD6263F7519004D1E30 /* CoreWatchlist+CoreDataClass.swift in Sources */,
				659C8FA6263E3B14004D1E30 /* DatabaseProtocol.swift in Sources */,
				659C8FB4263E4437004D1E30 /* CoreDataController.swift in Sources */,
				659C8FD8263F7519004D1E30 /* CorePurchase+CoreDataClass.swift in Sources */,
				659C8F7E263E159C004D1E30 /* PortfolioDataModel.xcdatamodeld in Sources */,
				65AFBE4D262E624D0039CB66 /* PortfolioHoldingTableViewCell.swift in Sources */,
				65AFBE2B262E27FC0039CB66 /* TabBarViewController.swift in Sources */,
				65AFBE33262E2A780039CB66 /* PortfolioViewController.swift in Sources */,
				659C8FDB263F7519004D1E30 /* CoreHolding+CoreDataProperties.swift in Sources */,
				659C8FBB263E76CB004D1E30 /* NewOwnedHoldingViewController.swift in Sources */,
				65AFBE39262E2AC20039CB66 /* MarketsCollectionViewController.swift in Sources */,
				65AFBE45262E5DCE0039CB66 /* Watchlist.swift in Sources */,
				65AFBE3C262E2AE00039CB66 /* WatchlistsTableViewController.swift in Sources */,
				65AFBE12262D64860039CB66 /* AppDelegate.swift in Sources */,
				65AFBE14262D64860039CB66 /* SceneDelegate.swift in Sources */,
				65AFBE52262F548B0039CB66 /* Purchase.swift in Sources */,
				65AFBE40262E5D950039CB66 /* Holding.swift in Sources */,
				65AFBE30262E293B0039CB66 /* DashboardViewController.swift in Sources */,
				659C8FD9263F7519004D1E30 /* CorePurchase+CoreDataProperties.swift in Sources */,
				659C8FDA263F7519004D1E30 /* CoreHolding+CoreDataClass.swift in Sources */,
				65B7D8CE263770E400FA8284 /* ChartView.swift in Sources */,
				659C8FBF263E773B004D1E30 /* SearchNewHoldingTableViewController.swift in Sources */,
				659C8FC3263E778C004D1E30 /* HoldingPurchaseViewController.swift in Sources */,
				659C8FB9263E75A7004D1E30 /* WatchlistTableViewController.swift in Sources */,
				659C8FA4263E3ACB004D1E30 /* MulticastDelegate.swift in Sources */,
				659C8FB7263E741A004D1E30 /* NewWatchlistViewController.swift in Sources */,
				659C8FC9263EA34E004D1E30 /* Popup.swift in Sources */,
				659C8F71263C62AB004D1E30 /* TickerWebData.swift in Sources */,
				659C8FD7263F7519004D1E30 /* CoreWatchlist+CoreDataProperties.swift in Sources */,
				659C8FC7263E85ED004D1E30 /* TickerSearchWebData.swift in Sources */,
				65AFBE36262E2AA20039CB66 /* PerformanceViewController.swift in Sources */,
				659C8FC1263E7765004D1E30 /* HoldingPurchasesTableViewController.swift in Sources */,
			);
			runOnlyForDeploymentPostprocessing = 0;
		};
/* End PBXSourcesBuildPhase section */

/* Begin PBXVariantGroup section */
		65AFBE17262D64860039CB66 /* Main.storyboard */ = {
			isa = PBXVariantGroup;
			children = (
				65AFBE18262D64860039CB66 /* Base */,
			);
			name = Main.storyboard;
			sourceTree = "<group>";
		};
		65AFBE1C262D648D0039CB66 /* LaunchScreen.storyboard */ = {
			isa = PBXVariantGroup;
			children = (
				65AFBE1D262D648D0039CB66 /* Base */,
			);
			name = LaunchScreen.storyboard;
			sourceTree = "<group>";
		};
/* End PBXVariantGroup section */

/* Begin XCBuildConfiguration section */
		65AFBE20262D648D0039CB66 /* Debug */ = {
			isa = XCBuildConfiguration;
			buildSettings = {
				ALWAYS_SEARCH_USER_PATHS = NO;
				CLANG_ANALYZER_NONNULL = YES;
				CLANG_ANALYZER_NUMBER_OBJECT_CONVERSION = YES_AGGRESSIVE;
				CLANG_CXX_LANGUAGE_STANDARD = "gnu++14";
				CLANG_CXX_LIBRARY = "libc++";
				CLANG_ENABLE_MODULES = YES;
				CLANG_ENABLE_OBJC_ARC = YES;
				CLANG_ENABLE_OBJC_WEAK = YES;
				CLANG_WARN_BLOCK_CAPTURE_AUTORELEASING = YES;
				CLANG_WARN_BOOL_CONVERSION = YES;
				CLANG_WARN_COMMA = YES;
				CLANG_WARN_CONSTANT_CONVERSION = YES;
				CLANG_WARN_DEPRECATED_OBJC_IMPLEMENTATIONS = YES;
				CLANG_WARN_DIRECT_OBJC_ISA_USAGE = YES_ERROR;
				CLANG_WARN_DOCUMENTATION_COMMENTS = YES;
				CLANG_WARN_EMPTY_BODY = YES;
				CLANG_WARN_ENUM_CONVERSION = YES;
				CLANG_WARN_INFINITE_RECURSION = YES;
				CLANG_WARN_INT_CONVERSION = YES;
				CLANG_WARN_NON_LITERAL_NULL_CONVERSION = YES;
				CLANG_WARN_OBJC_IMPLICIT_RETAIN_SELF = YES;
				CLANG_WARN_OBJC_LITERAL_CONVERSION = YES;
				CLANG_WARN_OBJC_ROOT_CLASS = YES_ERROR;
				CLANG_WARN_QUOTED_INCLUDE_IN_FRAMEWORK_HEADER = YES;
				CLANG_WARN_RANGE_LOOP_ANALYSIS = YES;
				CLANG_WARN_STRICT_PROTOTYPES = YES;
				CLANG_WARN_SUSPICIOUS_MOVE = YES;
				CLANG_WARN_UNGUARDED_AVAILABILITY = YES_AGGRESSIVE;
				CLANG_WARN_UNREACHABLE_CODE = YES;
				CLANG_WARN__DUPLICATE_METHOD_MATCH = YES;
				COPY_PHASE_STRIP = NO;
				DEBUG_INFORMATION_FORMAT = dwarf;
				ENABLE_STRICT_OBJC_MSGSEND = YES;
				ENABLE_TESTABILITY = YES;
				GCC_C_LANGUAGE_STANDARD = gnu11;
				GCC_DYNAMIC_NO_PIC = NO;
				GCC_NO_COMMON_BLOCKS = YES;
				GCC_OPTIMIZATION_LEVEL = 0;
				GCC_PREPROCESSOR_DEFINITIONS = (
					"DEBUG=1",
					"$(inherited)",
				);
				GCC_WARN_64_TO_32_BIT_CONVERSION = YES;
				GCC_WARN_ABOUT_RETURN_TYPE = YES_ERROR;
				GCC_WARN_UNDECLARED_SELECTOR = YES;
				GCC_WARN_UNINITIALIZED_AUTOS = YES_AGGRESSIVE;
				GCC_WARN_UNUSED_FUNCTION = YES;
				GCC_WARN_UNUSED_VARIABLE = YES;
				IPHONEOS_DEPLOYMENT_TARGET = 14.4;
				MTL_ENABLE_DEBUG_INFO = INCLUDE_SOURCE;
				MTL_FAST_MATH = YES;
				ONLY_ACTIVE_ARCH = YES;
				SDKROOT = iphoneos;
				SWIFT_ACTIVE_COMPILATION_CONDITIONS = DEBUG;
				SWIFT_OPTIMIZATION_LEVEL = "-Onone";
			};
			name = Debug;
		};
		65AFBE21262D648D0039CB66 /* Release */ = {
			isa = XCBuildConfiguration;
			buildSettings = {
				ALWAYS_SEARCH_USER_PATHS = NO;
				CLANG_ANALYZER_NONNULL = YES;
				CLANG_ANALYZER_NUMBER_OBJECT_CONVERSION = YES_AGGRESSIVE;
				CLANG_CXX_LANGUAGE_STANDARD = "gnu++14";
				CLANG_CXX_LIBRARY = "libc++";
				CLANG_ENABLE_MODULES = YES;
				CLANG_ENABLE_OBJC_ARC = YES;
				CLANG_ENABLE_OBJC_WEAK = YES;
				CLANG_WARN_BLOCK_CAPTURE_AUTORELEASING = YES;
				CLANG_WARN_BOOL_CONVERSION = YES;
				CLANG_WARN_COMMA = YES;
				CLANG_WARN_CONSTANT_CONVERSION = YES;
				CLANG_WARN_DEPRECATED_OBJC_IMPLEMENTATIONS = YES;
				CLANG_WARN_DIRECT_OBJC_ISA_USAGE = YES_ERROR;
				CLANG_WARN_DOCUMENTATION_COMMENTS = YES;
				CLANG_WARN_EMPTY_BODY = YES;
				CLANG_WARN_ENUM_CONVERSION = YES;
				CLANG_WARN_INFINITE_RECURSION = YES;
				CLANG_WARN_INT_CONVERSION = YES;
				CLANG_WARN_NON_LITERAL_NULL_CONVERSION = YES;
				CLANG_WARN_OBJC_IMPLICIT_RETAIN_SELF = YES;
				CLANG_WARN_OBJC_LITERAL_CONVERSION = YES;
				CLANG_WARN_OBJC_ROOT_CLASS = YES_ERROR;
				CLANG_WARN_QUOTED_INCLUDE_IN_FRAMEWORK_HEADER = YES;
				CLANG_WARN_RANGE_LOOP_ANALYSIS = YES;
				CLANG_WARN_STRICT_PROTOTYPES = YES;
				CLANG_WARN_SUSPICIOUS_MOVE = YES;
				CLANG_WARN_UNGUARDED_AVAILABILITY = YES_AGGRESSIVE;
				CLANG_WARN_UNREACHABLE_CODE = YES;
				CLANG_WARN__DUPLICATE_METHOD_MATCH = YES;
				COPY_PHASE_STRIP = NO;
				DEBUG_INFORMATION_FORMAT = "dwarf-with-dsym";
				ENABLE_NS_ASSERTIONS = NO;
				ENABLE_STRICT_OBJC_MSGSEND = YES;
				GCC_C_LANGUAGE_STANDARD = gnu11;
				GCC_NO_COMMON_BLOCKS = YES;
				GCC_WARN_64_TO_32_BIT_CONVERSION = YES;
				GCC_WARN_ABOUT_RETURN_TYPE = YES_ERROR;
				GCC_WARN_UNDECLARED_SELECTOR = YES;
				GCC_WARN_UNINITIALIZED_AUTOS = YES_AGGRESSIVE;
				GCC_WARN_UNUSED_FUNCTION = YES;
				GCC_WARN_UNUSED_VARIABLE = YES;
				IPHONEOS_DEPLOYMENT_TARGET = 14.4;
				MTL_ENABLE_DEBUG_INFO = NO;
				MTL_FAST_MATH = YES;
				SDKROOT = iphoneos;
				SWIFT_COMPILATION_MODE = wholemodule;
				SWIFT_OPTIMIZATION_LEVEL = "-O";
				VALIDATE_PRODUCT = YES;
			};
			name = Release;
		};
		65AFBE23262D648D0039CB66 /* Debug */ = {
			isa = XCBuildConfiguration;
			buildSettings = {
				ASSETCATALOG_COMPILER_APPICON_NAME = AppIcon;
				ASSETCATALOG_COMPILER_GLOBAL_ACCENT_COLOR_NAME = AccentColor;
				CODE_SIGN_STYLE = Automatic;
				DEVELOPMENT_TEAM = W9DP42NB5D;
				INFOPLIST_FILE = portfolio/Info.plist;
				LD_RUNPATH_SEARCH_PATHS = (
					"$(inherited)",
					"@executable_path/Frameworks",
				);
				PRODUCT_BUNDLE_IDENTIFIER = edu.monash.portfolio;
				PRODUCT_NAME = "$(TARGET_NAME)";
				SWIFT_VERSION = 5.0;
				TARGETED_DEVICE_FAMILY = "1,2";
			};
			name = Debug;
		};
		65AFBE24262D648D0039CB66 /* Release */ = {
			isa = XCBuildConfiguration;
			buildSettings = {
				ASSETCATALOG_COMPILER_APPICON_NAME = AppIcon;
				ASSETCATALOG_COMPILER_GLOBAL_ACCENT_COLOR_NAME = AccentColor;
				CODE_SIGN_STYLE = Automatic;
				DEVELOPMENT_TEAM = W9DP42NB5D;
				INFOPLIST_FILE = portfolio/Info.plist;
				LD_RUNPATH_SEARCH_PATHS = (
					"$(inherited)",
					"@executable_path/Frameworks",
				);
				PRODUCT_BUNDLE_IDENTIFIER = edu.monash.portfolio;
				PRODUCT_NAME = "$(TARGET_NAME)";
				SWIFT_VERSION = 5.0;
				TARGETED_DEVICE_FAMILY = "1,2";
			};
			name = Release;
		};
/* End XCBuildConfiguration section */

/* Begin XCConfigurationList section */
		65AFBE09262D64850039CB66 /* Build configuration list for PBXProject "portfolio" */ = {
			isa = XCConfigurationList;
			buildConfigurations = (
				65AFBE20262D648D0039CB66 /* Debug */,
				65AFBE21262D648D0039CB66 /* Release */,
			);
			defaultConfigurationIsVisible = 0;
			defaultConfigurationName = Release;
		};
		65AFBE22262D648D0039CB66 /* Build configuration list for PBXNativeTarget "portfolio" */ = {
			isa = XCConfigurationList;
			buildConfigurations = (
				65AFBE23262D648D0039CB66 /* Debug */,
				65AFBE24262D648D0039CB66 /* Release */,
			);
			defaultConfigurationIsVisible = 0;
			defaultConfigurationName = Release;
		};
/* End XCConfigurationList section */

/* Begin XCRemoteSwiftPackageReference section */
		65B7D8C826376E5800FA8284 /* XCRemoteSwiftPackageReference "ChartView" */ = {
			isa = XCRemoteSwiftPackageReference;
			repositoryURL = "https://github.com/AppPear/ChartView";
			requirement = {
				kind = upToNextMajorVersion;
				minimumVersion = 1.5.5;
			};
		};
/* End XCRemoteSwiftPackageReference section */

/* Begin XCSwiftPackageProductDependency section */
		65B7D8C926376E5800FA8284 /* SwiftUICharts */ = {
			isa = XCSwiftPackageProductDependency;
			package = 65B7D8C826376E5800FA8284 /* XCRemoteSwiftPackageReference "ChartView" */;
			productName = SwiftUICharts;
		};
/* End XCSwiftPackageProductDependency section */

/* Begin XCVersionGroup section */
		659C8F7C263E159C004D1E30 /* PortfolioDataModel.xcdatamodeld */ = {
			isa = XCVersionGroup;
			children = (
				659C8F7D263E159C004D1E30 /* PortfolioDataModel.xcdatamodel */,
			);
			currentVersion = 659C8F7D263E159C004D1E30 /* PortfolioDataModel.xcdatamodel */;
			path = PortfolioDataModel.xcdatamodeld;
			sourceTree = "<group>";
			versionGroupType = wrapper.xcdatamodel;
		};
/* End XCVersionGroup section */
	};
	rootObject = 65AFBE06262D64850039CB66 /* Project object */;
}
